
Microsoft Visual Studio Solution File, Format Version 12.00
# Visual Studio Version 16
VisualStudioVersion = 16.0.30330.147
MinimumVisualStudioVersion = 10.0.40219.1
Project("{FAE04EC0-301F-11D3-BF4B-00C04F79EFBC}") = "Kiosk_File_Explorer", "Kiosk_File_Explorer.csproj", "{DCA6A429-CA97-407F-A33B-788FB15EC695}"
EndProject
Global
	GlobalSection(SolutionConfigurationPlatforms) = preSolution
		Debug|Any CPU = Debug|Any CPU
		Release|Any CPU = Release|Any CPU
	EndGlobalSection
	GlobalSection(ProjectConfigurationPlatforms) = postSolution
		{DCA6A429-CA97-407F-A33B-788FB15EC695}.Debug|Any CPU.ActiveCfg = Debug|Any CPU
		{DCA6A429-CA97-407F-A33B-788FB15EC695}.Debug|Any CPU.Build.0 = Debug|Any CPU
		{DCA6A429-CA97-407F-A33B-788FB15EC695}.Release|Any CPU.ActiveCfg = Release|Any CPU
		{DCA6A429-CA97-407F-A33B-788FB15EC695}.Release|Any CPU.Build.0 = Release|Any CPU
	EndGlobalSection
	GlobalSection(SolutionProperties) = preSolution
		HideSolutionNode = FALSE
	EndGlobalSection
	GlobalSection(ExtensibilityGlobals) = postSolution
		SolutionGuid = {CFE26D6C-721D-4463-B98F-BB80BF5AB0D3}
	EndGlobalSection
EndGlobal
